
Microsoft Visual Studio Solution File, Format Version 12.00
# Visual Studio 2013
VisualStudioVersion = 12.0.31101.0
MinimumVisualStudioVersion = 10.0.40219.1
Project("{FAE04EC0-301F-11D3-BF4B-00C04F79EFBC}") = "AcceleradGH", "AcceleradGH\AcceleradGH.csproj", "{E91B5D37-0A2E-48CC-9979-3DE30E01280C}"
EndProject
Global
	GlobalSection(SolutionConfigurationPlatforms) = preSolution
		Debug64|Any CPU = Debug64|Any CPU
		Release|Any CPU = Release|Any CPU
	EndGlobalSection
	GlobalSection(ProjectConfigurationPlatforms) = postSolution
		{E91B5D37-0A2E-48CC-9979-3DE30E01280C}.Debug64|Any CPU.ActiveCfg = Debug64|Any CPU
		{E91B5D37-0A2E-48CC-9979-3DE30E01280C}.Debug64|Any CPU.Build.0 = Debug64|Any CPU
		{E91B5D37-0A2E-48CC-9979-3DE30E01280C}.Release|Any CPU.ActiveCfg = Release|Any CPU
		{E91B5D37-0A2E-48CC-9979-3DE30E01280C}.Release|Any CPU.Build.0 = Release|Any CPU
	EndGlobalSection
	GlobalSection(SolutionProperties) = preSolution
		HideSolutionNode = FALSE
	EndGlobalSection
EndGlobal
